
Microsoft Visual Studio Solution File, Format Version 12.00
# Visual Studio 15
VisualStudioVersion = 15.0.27130.2027
MinimumVisualStudioVersion = 10.0.40219.1
Project("{FAE04EC0-301F-11D3-BF4B-00C04F79EFBC}") = "Prototype", "Prototype\Prototype.csproj", "{8170697F-BB2D-415C-8983-E7433B231847}"
EndProject
Global
	GlobalSection(SolutionConfigurationPlatforms) = preSolution
		Debug|Any CPU = Debug|Any CPU
		Release|Any CPU = Release|Any CPU
	EndGlobalSection
	GlobalSection(ProjectConfigurationPlatforms) = postSolution
		{8170697F-BB2D-415C-8983-E7433B231847}.Debug|Any CPU.ActiveCfg = Debug|Any CPU
		{8170697F-BB2D-415C-8983-E7433B231847}.Debug|Any CPU.Build.0 = Debug|Any CPU
		{8170697F-BB2D-415C-8983-E7433B231847}.Release|Any CPU.ActiveCfg = Release|Any CPU
		{8170697F-BB2D-415C-8983-E7433B231847}.Release|Any CPU.Build.0 = Release|Any CPU
	EndGlobalSection
	GlobalSection(SolutionProperties) = preSolution
		HideSolutionNode = FALSE
	EndGlobalSection
	GlobalSection(ExtensibilityGlobals) = postSolution
		SolutionGuid = {3417A642-4D74-45F9-9A03-A5A92CA1C19F}
	EndGlobalSection
EndGlobal
